
Microsoft Visual Studio Solution File, Format Version 12.00
# Visual Studio Version 16
VisualStudioVersion = 16.0.30717.126
MinimumVisualStudioVersion = 10.0.40219.1
Project("{FAE04EC0-301F-11D3-BF4B-00C04F79EFBC}") = "NineShop.Common", "NineShop.Common\NineShop.Common.csproj", "{E7C3202F-8DD0-4A69-953F-F0B9AFCC58CD}"
EndProject
Project("{FAE04EC0-301F-11D3-BF4B-00C04F79EFBC}") = "NineShop.Web", "NineShop.Web\NineShop.Web.csproj", "{79BF1363-F3A3-44CF-A06F-BEFAFCE4F24D}"
EndProject
Global
	GlobalSection(SolutionConfigurationPlatforms) = preSolution
		Debug|Any CPU = Debug|Any CPU
		Release|Any CPU = Release|Any CPU
	EndGlobalSection
	GlobalSection(ProjectConfigurationPlatforms) = postSolution
		{E7C3202F-8DD0-4A69-953F-F0B9AFCC58CD}.Debug|Any CPU.ActiveCfg = Debug|Any CPU
		{E7C3202F-8DD0-4A69-953F-F0B9AFCC58CD}.Debug|Any CPU.Build.0 = Debug|Any CPU
		{E7C3202F-8DD0-4A69-953F-F0B9AFCC58CD}.Release|Any CPU.ActiveCfg = Release|Any CPU
		{E7C3202F-8DD0-4A69-953F-F0B9AFCC58CD}.Release|Any CPU.Build.0 = Release|Any CPU
		{79BF1363-F3A3-44CF-A06F-BEFAFCE4F24D}.Debug|Any CPU.ActiveCfg = Debug|Any CPU
		{79BF1363-F3A3-44CF-A06F-BEFAFCE4F24D}.Debug|Any CPU.Build.0 = Debug|Any CPU
		{79BF1363-F3A3-44CF-A06F-BEFAFCE4F24D}.Release|Any CPU.ActiveCfg = Release|Any CPU
		{79BF1363-F3A3-44CF-A06F-BEFAFCE4F24D}.Release|Any CPU.Build.0 = Release|Any CPU
	EndGlobalSection
	GlobalSection(SolutionProperties) = preSolution
		HideSolutionNode = FALSE
	EndGlobalSection
	GlobalSection(ExtensibilityGlobals) = postSolution
		SolutionGuid = {02080974-01E8-4965-ACE0-6A77864EE7B7}
	EndGlobalSection
EndGlobal
